
Microsoft Visual Studio Solution File, Format Version 12.00
# Visual Studio Version 17
VisualStudioVersion = 17.4.33205.214
MinimumVisualStudioVersion = 10.0.40219.1
Project("{FAE04EC0-301F-11D3-BF4B-00C04F79EFBC}") = "CustomerAPIProj", "CustomerAPIProj\CustomerAPIProj.csproj", "{6C3FD3A7-593A-42F2-9A39-33EC3FA1E587}"
EndProject
Global
	GlobalSection(SolutionConfigurationPlatforms) = preSolution
		Debug|Any CPU = Debug|Any CPU
		Release|Any CPU = Release|Any CPU
	EndGlobalSection
	GlobalSection(ProjectConfigurationPlatforms) = postSolution
		{6C3FD3A7-593A-42F2-9A39-33EC3FA1E587}.Debug|Any CPU.ActiveCfg = Debug|Any CPU
		{6C3FD3A7-593A-42F2-9A39-33EC3FA1E587}.Debug|Any CPU.Build.0 = Debug|Any CPU
		{6C3FD3A7-593A-42F2-9A39-33EC3FA1E587}.Release|Any CPU.ActiveCfg = Release|Any CPU
		{6C3FD3A7-593A-42F2-9A39-33EC3FA1E587}.Release|Any CPU.Build.0 = Release|Any CPU
	EndGlobalSection
	GlobalSection(SolutionProperties) = preSolution
		HideSolutionNode = FALSE
	EndGlobalSection
	GlobalSection(ExtensibilityGlobals) = postSolution
		SolutionGuid = {38E8BFBF-1343-469C-ABCE-664297B41FD9}
	EndGlobalSection
EndGlobal
